{
  "name": "demo-pearson-specter-litt",
  "lockfileVersion": 3,
  "requires": true,
  "packages": {
    "": {
      "dependencies": {
        "@openhint/hintbook-lawyer": "^1.0.1"
      }
    },
    "node_modules/@openhint/hintbook-lawyer": {
      "version": "1.0.1",
      "resolved": "https://registry.npmjs.org/@openhint/hintbook-lawyer/-/hintbook-lawyer-1.0.1.tgz",
      "integrity": "sha512-S12LLYHwnimyzDIhZHTlSeDjU8CT+kFPCzXqkeVwypVdHAK5H1vjJA2tJKvTUtWEYZVoKa80vHLNgYjWpvz/wg==",
      "license": "MIT",
      "engines": {
        "node": ">=24"
      }
    }
  }
}
